
Microsoft Visual Studio Solution File, Format Version 12.00
# Visual Studio Version 17
VisualStudioVersion = 17.9.34622.214
MinimumVisualStudioVersion = 10.0.40219.1
Project("{FAE04EC0-301F-11D3-BF4B-00C04F79EFBC}") = "Fabricore.Generator.Console", "Fabricore.Generator.Console\Fabricore.Generator.Console.csproj", "{1090154A-58EB-4649-A3F2-3C4D37C82F18}"
EndProject
Global
	GlobalSection(SolutionConfigurationPlatforms) = preSolution
		Debug|Any CPU = Debug|Any CPU
		Release|Any CPU = Release|Any CPU
	EndGlobalSection
	GlobalSection(ProjectConfigurationPlatforms) = postSolution
		{1090154A-58EB-4649-A3F2-3C4D37C82F18}.Debug|Any CPU.ActiveCfg = Debug|Any CPU
		{1090154A-58EB-4649-A3F2-3C4D37C82F18}.Debug|Any CPU.Build.0 = Debug|Any CPU
		{1090154A-58EB-4649-A3F2-3C4D37C82F18}.Release|Any CPU.ActiveCfg = Release|Any CPU
		{1090154A-58EB-4649-A3F2-3C4D37C82F18}.Release|Any CPU.Build.0 = Release|Any CPU
	EndGlobalSection
	GlobalSection(SolutionProperties) = preSolution
		HideSolutionNode = FALSE
	EndGlobalSection
	GlobalSection(ExtensibilityGlobals) = postSolution
		SolutionGuid = {F4585207-DA6C-4DD6-BB09-3C4F0B27E612}
	EndGlobalSection
EndGlobal
